
Microsoft Visual Studio Solution File, Format Version 12.00
# Visual Studio Version 17
VisualStudioVersion = 17.0.31903.59
MinimumVisualStudioVersion = 10.0.40219.1
Project("{2150E333-8FDC-42A3-9474-1A3956D46DE8}") = "3.Sqs", "3.Sqs", "{0D63631D-9D9E-4691-9BA7-4EB94B1BD7A5}"
EndProject
Project("{2150E333-8FDC-42A3-9474-1A3956D46DE8}") = "src", "src", "{761FB704-665A-4160-A196-324FDCC6CC48}"
EndProject
Project("{FAE04EC0-301F-11D3-BF4B-00C04F79EFBC}") = "SqsPublisher", "3.Sqs\src\SqsPublisher\SqsPublisher.csproj", "{A4AE8FF3-C42F-4F09-9150-79037F162246}"
EndProject
Project("{FAE04EC0-301F-11D3-BF4B-00C04F79EFBC}") = "SqsConsumer", "3.Sqs\src\SqsConsumer\SqsConsumer.csproj", "{017BFE9A-0AE5-453D-ABBF-CBC244EC07F4}"
EndProject
Project("{FAE04EC0-301F-11D3-BF4B-00C04F79EFBC}") = "Customers.Api", "3.Sqs\src\Customers.Api\Customers.Api.csproj", "{516A96A0-37C9-4639-8821-895821D72A8B}"
EndProject
Project("{FAE04EC0-301F-11D3-BF4B-00C04F79EFBC}") = "Customers.Consumers", "3.Sqs\src\Customers.Consumers\Customers.Consumers.csproj", "{9157C9EA-7728-4FB5-AD97-666F86E91DAF}"
EndProject
Global
	GlobalSection(SolutionConfigurationPlatforms) = preSolution
		Debug|Any CPU = Debug|Any CPU
		Release|Any CPU = Release|Any CPU
	EndGlobalSection
	GlobalSection(SolutionProperties) = preSolution
		HideSolutionNode = FALSE
	EndGlobalSection
	GlobalSection(ProjectConfigurationPlatforms) = postSolution
		{A4AE8FF3-C42F-4F09-9150-79037F162246}.Debug|Any CPU.ActiveCfg = Debug|Any CPU
		{A4AE8FF3-C42F-4F09-9150-79037F162246}.Debug|Any CPU.Build.0 = Debug|Any CPU
		{A4AE8FF3-C42F-4F09-9150-79037F162246}.Release|Any CPU.ActiveCfg = Release|Any CPU
		{A4AE8FF3-C42F-4F09-9150-79037F162246}.Release|Any CPU.Build.0 = Release|Any CPU
		{017BFE9A-0AE5-453D-ABBF-CBC244EC07F4}.Debug|Any CPU.ActiveCfg = Debug|Any CPU
		{017BFE9A-0AE5-453D-ABBF-CBC244EC07F4}.Debug|Any CPU.Build.0 = Debug|Any CPU
		{017BFE9A-0AE5-453D-ABBF-CBC244EC07F4}.Release|Any CPU.ActiveCfg = Release|Any CPU
		{017BFE9A-0AE5-453D-ABBF-CBC244EC07F4}.Release|Any CPU.Build.0 = Release|Any CPU
		{516A96A0-37C9-4639-8821-895821D72A8B}.Debug|Any CPU.ActiveCfg = Debug|Any CPU
		{516A96A0-37C9-4639-8821-895821D72A8B}.Debug|Any CPU.Build.0 = Debug|Any CPU
		{516A96A0-37C9-4639-8821-895821D72A8B}.Release|Any CPU.ActiveCfg = Release|Any CPU
		{516A96A0-37C9-4639-8821-895821D72A8B}.Release|Any CPU.Build.0 = Release|Any CPU
		{9157C9EA-7728-4FB5-AD97-666F86E91DAF}.Debug|Any CPU.ActiveCfg = Debug|Any CPU
		{9157C9EA-7728-4FB5-AD97-666F86E91DAF}.Debug|Any CPU.Build.0 = Debug|Any CPU
		{9157C9EA-7728-4FB5-AD97-666F86E91DAF}.Release|Any CPU.ActiveCfg = Release|Any CPU
		{9157C9EA-7728-4FB5-AD97-666F86E91DAF}.Release|Any CPU.Build.0 = Release|Any CPU
	EndGlobalSection
	GlobalSection(NestedProjects) = preSolution
		{761FB704-665A-4160-A196-324FDCC6CC48} = {0D63631D-9D9E-4691-9BA7-4EB94B1BD7A5}
		{A4AE8FF3-C42F-4F09-9150-79037F162246} = {761FB704-665A-4160-A196-324FDCC6CC48}
		{017BFE9A-0AE5-453D-ABBF-CBC244EC07F4} = {761FB704-665A-4160-A196-324FDCC6CC48}
		{516A96A0-37C9-4639-8821-895821D72A8B} = {761FB704-665A-4160-A196-324FDCC6CC48}
		{9157C9EA-7728-4FB5-AD97-666F86E91DAF} = {761FB704-665A-4160-A196-324FDCC6CC48}
	EndGlobalSection
EndGlobal
